
Microsoft Visual Studio Solution File, Format Version 12.00
# Visual Studio Version 17
VisualStudioVersion = 17.11.35222.181
MinimumVisualStudioVersion = 10.0.40219.1
Project("{FAE04EC0-301F-11D3-BF4B-00C04F79EFBC}") = "FootballWorldCupScoreboard", "FootballWorldCupScoreboard\FootballWorldCupScoreboard.csproj", "{78CCD26F-D23C-4B5A-B7D0-FB1D404FB916}"
EndProject
Project("{FAE04EC0-301F-11D3-BF4B-00C04F79EFBC}") = "First_test", "First_test\First_test.csproj", "{34983AA9-3B2A-45E5-9B70-24A6A528CE89}"
EndProject
Global
	GlobalSection(SolutionConfigurationPlatforms) = preSolution
		Debug|Any CPU = Debug|Any CPU
		Release|Any CPU = Release|Any CPU
	EndGlobalSection
	GlobalSection(ProjectConfigurationPlatforms) = postSolution
		{78CCD26F-D23C-4B5A-B7D0-FB1D404FB916}.Debug|Any CPU.ActiveCfg = Debug|Any CPU
		{78CCD26F-D23C-4B5A-B7D0-FB1D404FB916}.Debug|Any CPU.Build.0 = Debug|Any CPU
		{78CCD26F-D23C-4B5A-B7D0-FB1D404FB916}.Release|Any CPU.ActiveCfg = Release|Any CPU
		{78CCD26F-D23C-4B5A-B7D0-FB1D404FB916}.Release|Any CPU.Build.0 = Release|Any CPU
		{34983AA9-3B2A-45E5-9B70-24A6A528CE89}.Debug|Any CPU.ActiveCfg = Debug|Any CPU
		{34983AA9-3B2A-45E5-9B70-24A6A528CE89}.Debug|Any CPU.Build.0 = Debug|Any CPU
		{34983AA9-3B2A-45E5-9B70-24A6A528CE89}.Release|Any CPU.ActiveCfg = Release|Any CPU
		{34983AA9-3B2A-45E5-9B70-24A6A528CE89}.Release|Any CPU.Build.0 = Release|Any CPU
	EndGlobalSection
	GlobalSection(SolutionProperties) = preSolution
		HideSolutionNode = FALSE
	EndGlobalSection
	GlobalSection(ExtensibilityGlobals) = postSolution
		SolutionGuid = {9E4B1FF8-6153-4B2B-840D-8437887E8EF0}
	EndGlobalSection
EndGlobal
